
Microsoft Visual Studio Solution File, Format Version 12.00
# Visual Studio Version 17
VisualStudioVersion = 17.0.31903.59
MinimumVisualStudioVersion = 10.0.40219.1
Project("{FAE04EC0-301F-11D3-BF4B-00C04F79EFBC}") = "Minesweeper.App", "Minesweeper.App\Minesweeper.App.csproj", "{69066A0C-B725-4B15-AE67-B41364C48A28}"
EndProject
Project("{FAE04EC0-301F-11D3-BF4B-00C04F79EFBC}") = "Minesweeper.Tests", "Minesweeper.Tests\Minesweeper.Tests.csproj", "{CDD6B0BD-EF9E-4C0C-A21F-F24A8C7F66B3}"
EndProject
Global
	GlobalSection(SolutionConfigurationPlatforms) = preSolution
		Debug|Any CPU = Debug|Any CPU
		Release|Any CPU = Release|Any CPU
	EndGlobalSection
	GlobalSection(SolutionProperties) = preSolution
		HideSolutionNode = FALSE
	EndGlobalSection
	GlobalSection(ProjectConfigurationPlatforms) = postSolution
		{69066A0C-B725-4B15-AE67-B41364C48A28}.Debug|Any CPU.ActiveCfg = Debug|Any CPU
		{69066A0C-B725-4B15-AE67-B41364C48A28}.Debug|Any CPU.Build.0 = Debug|Any CPU
		{69066A0C-B725-4B15-AE67-B41364C48A28}.Release|Any CPU.ActiveCfg = Release|Any CPU
		{69066A0C-B725-4B15-AE67-B41364C48A28}.Release|Any CPU.Build.0 = Release|Any CPU
		{CDD6B0BD-EF9E-4C0C-A21F-F24A8C7F66B3}.Debug|Any CPU.ActiveCfg = Debug|Any CPU
		{CDD6B0BD-EF9E-4C0C-A21F-F24A8C7F66B3}.Debug|Any CPU.Build.0 = Debug|Any CPU
		{CDD6B0BD-EF9E-4C0C-A21F-F24A8C7F66B3}.Release|Any CPU.ActiveCfg = Release|Any CPU
		{CDD6B0BD-EF9E-4C0C-A21F-F24A8C7F66B3}.Release|Any CPU.Build.0 = Release|Any CPU
	EndGlobalSection
EndGlobal
